// !$*UTF8*$!
{
	archiveVersion = 1;
	classes = {
	};
	objectVersion = 51;
	objects = {

/* Begin PBXBuildFile section */
		527AB88A4BCA8F979439A4B3 /* Pods_Moodi_iOS.framework in Frameworks */ = {isa = PBXBuildFile; fileRef = 6453A1CBAB73A8599548519C /* Pods_Moodi_iOS.framework */; };
		6D5FC7242644782E004D8C04 /* DailyQuizTextInput.swift in Sources */ = {isa = PBXBuildFile; fileRef = 6D5FC7232644782E004D8C04 /* DailyQuizTextInput.swift */; };
		6DAF75AD264AF2B0006DCB2E /* SettingsMainView.swift in Sources */ = {isa = PBXBuildFile; fileRef = 6DAF75AC264AF2B0006DCB2E /* SettingsMainView.swift */; };
		6DAF75AF264AF2D3006DCB2E /* NotificationView.swift in Sources */ = {isa = PBXBuildFile; fileRef = 6DAF75AE264AF2D3006DCB2E /* NotificationView.swift */; };
		6DAF75B1264AF2EF006DCB2E /* DarkModeView.swift in Sources */ = {isa = PBXBuildFile; fileRef = 6DAF75B0264AF2EF006DCB2E /* DarkModeView.swift */; };
		6DBA3A802640774700383620 /* Day.swift in Sources */ = {isa = PBXBuildFile; fileRef = 6DBA3A7F2640774700383620 /* Day.swift */; };
		6DBA3A822640776500383620 /* DatabaseManager.swift in Sources */ = {isa = PBXBuildFile; fileRef = 6DBA3A812640776500383620 /* DatabaseManager.swift */; };
		6DBA3A842640778700383620 /* Extensions.swift in Sources */ = {isa = PBXBuildFile; fileRef = 6DBA3A832640778700383620 /* Extensions.swift */; };
		6DBCE2742645AD8F006B55BE /* SummaryDayMoodModalView.swift in Sources */ = {isa = PBXBuildFile; fileRef = 6DBCE2732645AD8F006B55BE /* SummaryDayMoodModalView.swift */; };
		6DBCE2762645AD95006B55BE /* SummaryModalView.swift in Sources */ = {isa = PBXBuildFile; fileRef = 6DBCE2752645AD95006B55BE /* SummaryModalView.swift */; };
		6DBCE2782645AD9C006B55BE /* SummaryPageView.swift in Sources */ = {isa = PBXBuildFile; fileRef = 6DBCE2772645AD9C006B55BE /* SummaryPageView.swift */; };
		6DEDABAE2640749B006CCDA8 /* Moodi_iOSApp.swift in Sources */ = {isa = PBXBuildFile; fileRef = 6DEDABAD2640749B006CCDA8 /* Moodi_iOSApp.swift */; };
		6DEDABB02640749B006CCDA8 /* ContentView.swift in Sources */ = {isa = PBXBuildFile; fileRef = 6DEDABAF2640749B006CCDA8 /* ContentView.swift */; };
		6DEDABB52640749C006CCDA8 /* Preview Assets.xcassets in Resources */ = {isa = PBXBuildFile; fileRef = 6DEDABB42640749C006CCDA8 /* Preview Assets.xcassets */; };
		6DF1993A264B4AF900273C0E /* PreferencesManager.swift in Sources */ = {isa = PBXBuildFile; fileRef = 6DF19939264B4AF900273C0E /* PreferencesManager.swift */; };
		6DF40DAE2641B56B000C320F /* TabMainView.swift in Sources */ = {isa = PBXBuildFile; fileRef = 6DF40DAD2641B56B000C320F /* TabMainView.swift */; };
		6DF40DB02641B7A1000C320F /* DayMainView.swift in Sources */ = {isa = PBXBuildFile; fileRef = 6DF40DAF2641B7A1000C320F /* DayMainView.swift */; };
		6DF40DB22641B809000C320F /* StreakView.swift in Sources */ = {isa = PBXBuildFile; fileRef = 6DF40DB12641B809000C320F /* StreakView.swift */; };
		6DF40DB42641BCE5000C320F /* DailyQuotesView.swift in Sources */ = {isa = PBXBuildFile; fileRef = 6DF40DB32641BCE5000C320F /* DailyQuotesView.swift */; };
		6DF40DB62641C3A9000C320F /* DaySummaryView.swift in Sources */ = {isa = PBXBuildFile; fileRef = 6DF40DB52641C3A9000C320F /* DaySummaryView.swift */; };
		6DF5594B264CA037009F6AE9 /* DateManager.swift in Sources */ = {isa = PBXBuildFile; fileRef = 6DF5594A264CA037009F6AE9 /* DateManager.swift */; };
		6DFB34B4264F219A0074A1B4 /* Constants.swift in Sources */ = {isa = PBXBuildFile; fileRef = 6DFB34B3264F219A0074A1B4 /* Constants.swift */; };
		9431554D264C45C00028BFAD /* Onboarding1.swift in Sources */ = {isa = PBXBuildFile; fileRef = 9431554C264C45C00028BFAD /* Onboarding1.swift */; };
		94315550264C51400028BFAD /* Onboarding2.swift in Sources */ = {isa = PBXBuildFile; fileRef = 9431554F264C51400028BFAD /* Onboarding2.swift */; };
		94315553264C52A70028BFAD /* Onboarding3.swift in Sources */ = {isa = PBXBuildFile; fileRef = 94315552264C52A70028BFAD /* Onboarding3.swift */; };
		94315556264C54340028BFAD /* Onboarding4.swift in Sources */ = {isa = PBXBuildFile; fileRef = 94315555264C54340028BFAD /* Onboarding4.swift */; };
		94315559264C66160028BFAD /* MainonboardingView.swift in Sources */ = {isa = PBXBuildFile; fileRef = 94315558264C66160028BFAD /* MainonboardingView.swift */; };
		B2F266272641DBA7008B110B /* SpeechRecognizer.swift in Sources */ = {isa = PBXBuildFile; fileRef = B2F266262641DBA7008B110B /* SpeechRecognizer.swift */; };
		DE04871B264EDF830025ADCB /* CalendarStatisticView.swift in Sources */ = {isa = PBXBuildFile; fileRef = DE04871A264EDF830025ADCB /* CalendarStatisticView.swift */; };
		DE04871E264EEB840025ADCB /* MyWeekView.swift in Sources */ = {isa = PBXBuildFile; fileRef = DE04871D264EEB840025ADCB /* MyWeekView.swift */; };
		DE36968C26445A100087A696 /* DailyQuestionsView.swift in Sources */ = {isa = PBXBuildFile; fileRef = DE36968B26445A100087A696 /* DailyQuestionsView.swift */; };
		DE6597FE26542013000FACFD /* Assets.xcassets in Resources */ = {isa = PBXBuildFile; fileRef = DE6597FD26542013000FACFD /* Assets.xcassets */; };
		DE87265226408CC800C27E74 /* NotificationManager.swift in Sources */ = {isa = PBXBuildFile; fileRef = DE87265126408CC800C27E74 /* NotificationManager.swift */; };
		DE8726782643061500C27E74 /* QuizMainView.swift in Sources */ = {isa = PBXBuildFile; fileRef = DE8726772643061500C27E74 /* QuizMainView.swift */; };
		DE87267C2643064A00C27E74 /* MoodPickerView.swift in Sources */ = {isa = PBXBuildFile; fileRef = DE87267B2643064A00C27E74 /* MoodPickerView.swift */; };
		DE87267F2643066100C27E74 /* FeelingSelectView.swift in Sources */ = {isa = PBXBuildFile; fileRef = DE87267E2643066100C27E74 /* FeelingSelectView.swift */; };
		DECE201E264B779600FCE115 /* DonutChartView.swift in Sources */ = {isa = PBXBuildFile; fileRef = DECE201D264B779600FCE115 /* DonutChartView.swift */; };
		DECE2021264B7C5600FCE115 /* LastNdaysView.swift in Sources */ = {isa = PBXBuildFile; fileRef = DECE2020264B7C5600FCE115 /* LastNdaysView.swift */; };
		EC195CC3265208B1003698CC /* SpeechButton.swift in Sources */ = {isa = PBXBuildFile; fileRef = EC195CC2265208B1003698CC /* SpeechButton.swift */; };
		EC81A5AC2640886D00042FBC /* Localizable.strings in Resources */ = {isa = PBXBuildFile; fileRef = EC81A5AE2640886D00042FBC /* Localizable.strings */; };
		EC81A5B22641E27E00042FBC /* Utilities.swift in Sources */ = {isa = PBXBuildFile; fileRef = EC81A5B12641E27E00042FBC /* Utilities.swift */; };
		EC984A40264C62D500BD5AF9 /* CalendarView.swift in Sources */ = {isa = PBXBuildFile; fileRef = EC984A3F264C62D500BD5AF9 /* CalendarView.swift */; };
/* End PBXBuildFile section */

/* Begin PBXFileReference section */
		4B4DA2901756CAB5C58F68E5 /* Pods-Moodi-iOS.debug.xcconfig */ = {isa = PBXFileReference; includeInIndex = 1; lastKnownFileType = text.xcconfig; name = "Pods-Moodi-iOS.debug.xcconfig"; path = "Target Support Files/Pods-Moodi-iOS/Pods-Moodi-iOS.debug.xcconfig"; sourceTree = "<group>"; };
		6453A1CBAB73A8599548519C /* Pods_Moodi_iOS.framework */ = {isa = PBXFileReference; explicitFileType = wrapper.framework; includeInIndex = 0; path = Pods_Moodi_iOS.framework; sourceTree = BUILT_PRODUCTS_DIR; };
		6D0906F226533E6B00F1B91D /* ko */ = {isa = PBXFileReference; lastKnownFileType = text.plist.strings; name = ko; path = ko.lproj/Localizable.strings; sourceTree = "<group>"; };
		6D5FC7232644782E004D8C04 /* DailyQuizTextInput.swift */ = {isa = PBXFileReference; lastKnownFileType = sourcecode.swift; path = DailyQuizTextInput.swift; sourceTree = "<group>"; };
		6DAF75AC264AF2B0006DCB2E /* SettingsMainView.swift */ = {isa = PBXFileReference; lastKnownFileType = sourcecode.swift; path = SettingsMainView.swift; sourceTree = "<group>"; };
		6DAF75AE264AF2D3006DCB2E /* NotificationView.swift */ = {isa = PBXFileReference; lastKnownFileType = sourcecode.swift; path = NotificationView.swift; sourceTree = "<group>"; };
		6DAF75B0264AF2EF006DCB2E /* DarkModeView.swift */ = {isa = PBXFileReference; lastKnownFileType = sourcecode.swift; path = DarkModeView.swift; sourceTree = "<group>"; };
		6DBA3A7F2640774700383620 /* Day.swift */ = {isa = PBXFileReference; lastKnownFileType = sourcecode.swift; path = Day.swift; sourceTree = "<group>"; };
		6DBA3A812640776500383620 /* DatabaseManager.swift */ = {isa = PBXFileReference; lastKnownFileType = sourcecode.swift; path = DatabaseManager.swift; sourceTree = "<group>"; };
		6DBA3A832640778700383620 /* Extensions.swift */ = {isa = PBXFileReference; lastKnownFileType = sourcecode.swift; path = Extensions.swift; sourceTree = "<group>"; };
		6DBCE2732645AD8F006B55BE /* SummaryDayMoodModalView.swift */ = {isa = PBXFileReference; fileEncoding = 4; lastKnownFileType = sourcecode.swift; path = SummaryDayMoodModalView.swift; sourceTree = "<group>"; };
		6DBCE2752645AD95006B55BE /* SummaryModalView.swift */ = {isa = PBXFileReference; fileEncoding = 4; lastKnownFileType = sourcecode.swift; path = SummaryModalView.swift; sourceTree = "<group>"; };
		6DBCE2772645AD9C006B55BE /* SummaryPageView.swift */ = {isa = PBXFileReference; fileEncoding = 4; lastKnownFileType = sourcecode.swift; path = SummaryPageView.swift; sourceTree = "<group>"; };
		6DEDABAA2640749B006CCDA8 /* Moodi-iOS.app */ = {isa = PBXFileReference; explicitFileType = wrapper.application; includeInIndex = 0; path = "Moodi-iOS.app"; sourceTree = BUILT_PRODUCTS_DIR; };
		6DEDABAD2640749B006CCDA8 /* Moodi_iOSApp.swift */ = {isa = PBXFileReference; lastKnownFileType = sourcecode.swift; path = Moodi_iOSApp.swift; sourceTree = "<group>"; };
		6DEDABAF2640749B006CCDA8 /* ContentView.swift */ = {isa = PBXFileReference; lastKnownFileType = sourcecode.swift; path = ContentView.swift; sourceTree = "<group>"; };
		6DEDABB42640749C006CCDA8 /* Preview Assets.xcassets */ = {isa = PBXFileReference; lastKnownFileType = folder.assetcatalog; path = "Preview Assets.xcassets"; sourceTree = "<group>"; };
		6DEDABB62640749C006CCDA8 /* Info.plist */ = {isa = PBXFileReference; lastKnownFileType = text.plist.xml; path = Info.plist; sourceTree = "<group>"; };
		6DF19939264B4AF900273C0E /* PreferencesManager.swift */ = {isa = PBXFileReference; lastKnownFileType = sourcecode.swift; path = PreferencesManager.swift; sourceTree = "<group>"; };
		6DF40DAD2641B56B000C320F /* TabMainView.swift */ = {isa = PBXFileReference; lastKnownFileType = sourcecode.swift; path = TabMainView.swift; sourceTree = "<group>"; };
		6DF40DAF2641B7A1000C320F /* DayMainView.swift */ = {isa = PBXFileReference; lastKnownFileType = sourcecode.swift; path = DayMainView.swift; sourceTree = "<group>"; };
		6DF40DB12641B809000C320F /* StreakView.swift */ = {isa = PBXFileReference; lastKnownFileType = sourcecode.swift; path = StreakView.swift; sourceTree = "<group>"; };
		6DF40DB32641BCE5000C320F /* DailyQuotesView.swift */ = {isa = PBXFileReference; lastKnownFileType = sourcecode.swift; path = DailyQuotesView.swift; sourceTree = "<group>"; };
		6DF40DB52641C3A9000C320F /* DaySummaryView.swift */ = {isa = PBXFileReference; lastKnownFileType = sourcecode.swift; path = DaySummaryView.swift; sourceTree = "<group>"; };
		6DF5594A264CA037009F6AE9 /* DateManager.swift */ = {isa = PBXFileReference; lastKnownFileType = sourcecode.swift; path = DateManager.swift; sourceTree = "<group>"; };
		6DFB34B3264F219A0074A1B4 /* Constants.swift */ = {isa = PBXFileReference; lastKnownFileType = sourcecode.swift; path = Constants.swift; sourceTree = "<group>"; };
		8085C6F1C3FAA48A94B08DB3 /* Pods-Moodi-iOS.release.xcconfig */ = {isa = PBXFileReference; includeInIndex = 1; lastKnownFileType = text.xcconfig; name = "Pods-Moodi-iOS.release.xcconfig"; path = "Target Support Files/Pods-Moodi-iOS/Pods-Moodi-iOS.release.xcconfig"; sourceTree = "<group>"; };
		9431554C264C45C00028BFAD /* Onboarding1.swift */ = {isa = PBXFileReference; lastKnownFileType = sourcecode.swift; path = Onboarding1.swift; sourceTree = "<group>"; };
		9431554F264C51400028BFAD /* Onboarding2.swift */ = {isa = PBXFileReference; lastKnownFileType = sourcecode.swift; path = Onboarding2.swift; sourceTree = "<group>"; };
		94315552264C52A70028BFAD /* Onboarding3.swift */ = {isa = PBXFileReference; lastKnownFileType = sourcecode.swift; path = Onboarding3.swift; sourceTree = "<group>"; };
		94315555264C54340028BFAD /* Onboarding4.swift */ = {isa = PBXFileReference; lastKnownFileType = sourcecode.swift; path = Onboarding4.swift; sourceTree = "<group>"; };
		94315558264C66160028BFAD /* MainonboardingView.swift */ = {isa = PBXFileReference; lastKnownFileType = sourcecode.swift; path = MainonboardingView.swift; sourceTree = "<group>"; };
		B2F266262641DBA7008B110B /* SpeechRecognizer.swift */ = {isa = PBXFileReference; lastKnownFileType = sourcecode.swift; path = SpeechRecognizer.swift; sourceTree = "<group>"; };
		DE04871A264EDF830025ADCB /* CalendarStatisticView.swift */ = {isa = PBXFileReference; lastKnownFileType = sourcecode.swift; path = CalendarStatisticView.swift; sourceTree = "<group>"; };
		DE04871D264EEB840025ADCB /* MyWeekView.swift */ = {isa = PBXFileReference; lastKnownFileType = sourcecode.swift; path = MyWeekView.swift; sourceTree = "<group>"; };
		DE36968B26445A100087A696 /* DailyQuestionsView.swift */ = {isa = PBXFileReference; lastKnownFileType = sourcecode.swift; path = DailyQuestionsView.swift; sourceTree = "<group>"; };
		DE6597FD26542013000FACFD /* Assets.xcassets */ = {isa = PBXFileReference; lastKnownFileType = folder.assetcatalog; path = Assets.xcassets; sourceTree = "<group>"; };
		DE87265126408CC800C27E74 /* NotificationManager.swift */ = {isa = PBXFileReference; lastKnownFileType = sourcecode.swift; path = NotificationManager.swift; sourceTree = "<group>"; };
		DE8726772643061500C27E74 /* QuizMainView.swift */ = {isa = PBXFileReference; lastKnownFileType = sourcecode.swift; path = QuizMainView.swift; sourceTree = "<group>"; };
		DE87267B2643064A00C27E74 /* MoodPickerView.swift */ = {isa = PBXFileReference; lastKnownFileType = sourcecode.swift; path = MoodPickerView.swift; sourceTree = "<group>"; };
		DE87267E2643066100C27E74 /* FeelingSelectView.swift */ = {isa = PBXFileReference; lastKnownFileType = sourcecode.swift; path = FeelingSelectView.swift; sourceTree = "<group>"; };
		DECE201D264B779600FCE115 /* DonutChartView.swift */ = {isa = PBXFileReference; lastKnownFileType = sourcecode.swift; path = DonutChartView.swift; sourceTree = "<group>"; };
		DECE2020264B7C5600FCE115 /* LastNdaysView.swift */ = {isa = PBXFileReference; lastKnownFileType = sourcecode.swift; path = LastNdaysView.swift; sourceTree = "<group>"; };
		EC195CC2265208B1003698CC /* SpeechButton.swift */ = {isa = PBXFileReference; lastKnownFileType = sourcecode.swift; path = SpeechButton.swift; sourceTree = "<group>"; };
		EC81A5AD2640886D00042FBC /* en */ = {isa = PBXFileReference; lastKnownFileType = text.plist.strings; name = en; path = en.lproj/Localizable.strings; sourceTree = "<group>"; };
		EC81A5AF264088B000042FBC /* pt-BR */ = {isa = PBXFileReference; lastKnownFileType = text.plist.strings; name = "pt-BR"; path = "pt-BR.lproj/Localizable.strings"; sourceTree = "<group>"; };
		EC81A5B0264088BD00042FBC /* es-419 */ = {isa = PBXFileReference; lastKnownFileType = text.plist.strings; name = "es-419"; path = "es-419.lproj/Localizable.strings"; sourceTree = "<group>"; };
		EC81A5B12641E27E00042FBC /* Utilities.swift */ = {isa = PBXFileReference; lastKnownFileType = sourcecode.swift; path = Utilities.swift; sourceTree = "<group>"; };
		EC984A3F264C62D500BD5AF9 /* CalendarView.swift */ = {isa = PBXFileReference; lastKnownFileType = sourcecode.swift; path = CalendarView.swift; sourceTree = "<group>"; };
/* End PBXFileReference section */

/* Begin PBXFrameworksBuildPhase section */
		6DEDABA72640749B006CCDA8 /* Frameworks */ = {
			isa = PBXFrameworksBuildPhase;
			buildActionMask = 2147483647;
			files = (
				527AB88A4BCA8F979439A4B3 /* Pods_Moodi_iOS.framework in Frameworks */,
			);
			runOnlyForDeploymentPostprocessing = 0;
		};
/* End PBXFrameworksBuildPhase section */

/* Begin PBXGroup section */
		56BAD6FCDEA8387558A36462 /* Frameworks */ = {
			isa = PBXGroup;
			children = (
				6453A1CBAB73A8599548519C /* Pods_Moodi_iOS.framework */,
			);
			name = Frameworks;
			sourceTree = "<group>";
		};
		6D396899264352A500FD5FFD /* Daily Menu Views */ = {
			isa = PBXGroup;
			children = (
				6DF40DB32641BCE5000C320F /* DailyQuotesView.swift */,
				6DF40DB52641C3A9000C320F /* DaySummaryView.swift */,
				6DF40DB12641B809000C320F /* StreakView.swift */,
				6DF40DAF2641B7A1000C320F /* DayMainView.swift */,
			);
			name = "Daily Menu Views";
			sourceTree = "<group>";
		};
		6DAF75A9264AF273006DCB2E /* Settings View */ = {
			isa = PBXGroup;
			children = (
				6DAF75AC264AF2B0006DCB2E /* SettingsMainView.swift */,
				6DAF75AE264AF2D3006DCB2E /* NotificationView.swift */,
				6DAF75B0264AF2EF006DCB2E /* DarkModeView.swift */,
			);
			path = "Settings View";
			sourceTree = "<group>";
		};
		6DBA3A7B264076EC00383620 /* Models */ = {
			isa = PBXGroup;
			children = (
				B2F266262641DBA7008B110B /* SpeechRecognizer.swift */,
				6DBA3A7F2640774700383620 /* Day.swift */,
			);
			path = Models;
			sourceTree = "<group>";
		};
		6DBA3A7C264076F500383620 /* Managers */ = {
			isa = PBXGroup;
			children = (
				6DBA3A812640776500383620 /* DatabaseManager.swift */,
				DE87265126408CC800C27E74 /* NotificationManager.swift */,
				6DF19939264B4AF900273C0E /* PreferencesManager.swift */,
				6DF5594A264CA037009F6AE9 /* DateManager.swift */,
			);
			path = Managers;
			sourceTree = "<group>";
		};
		6DBA3A7D264076FC00383620 /* Resources */ = {
			isa = PBXGroup;
			children = (
				6DFB34B3264F219A0074A1B4 /* Constants.swift */,
				6DBA3A832640778700383620 /* Extensions.swift */,
				DE6597FD26542013000FACFD /* Assets.xcassets */,
				EC81A5AE2640886D00042FBC /* Localizable.strings */,
				EC81A5B12641E27E00042FBC /* Utilities.swift */,
			);
			path = Resources;
			sourceTree = "<group>";
		};
		6DBA3A7E2640770300383620 /* Views */ = {
			isa = PBXGroup;
			children = (
				9431554B264C452E0028BFAD /* Onboarding Views */,
				DECE201C264B777400FCE115 /* Statistics Views */,
				6DAF75A9264AF273006DCB2E /* Settings View */,
				B2F266292641E004008B110B /* Speech Views */,
				6DF40DAC2641B51A000C320F /* Day Views */,
				6DF40DAD2641B56B000C320F /* TabMainView.swift */,
				6DEDABAF2640749B006CCDA8 /* ContentView.swift */,
			);
			path = Views;
			sourceTree = "<group>";
		};
		6DBCE2722645AD6C006B55BE /* Summary Views */ = {
			isa = PBXGroup;
			children = (
				6DBCE2772645AD9C006B55BE /* SummaryPageView.swift */,
				6DBCE2752645AD95006B55BE /* SummaryModalView.swift */,
				6DBCE2732645AD8F006B55BE /* SummaryDayMoodModalView.swift */,
			);
			name = "Summary Views";
			sourceTree = "<group>";
		};
		6DEDABA12640749B006CCDA8 = {
			isa = PBXGroup;
			children = (
				6DEDABAC2640749B006CCDA8 /* Moodi-iOS */,
				6DEDABAB2640749B006CCDA8 /* Products */,
				848B42361A309C3D7B203B19 /* Pods */,
				56BAD6FCDEA8387558A36462 /* Frameworks */,
			);
			sourceTree = "<group>";
		};
		6DEDABAB2640749B006CCDA8 /* Products */ = {
			isa = PBXGroup;
			children = (
				6DEDABAA2640749B006CCDA8 /* Moodi-iOS.app */,
			);
			name = Products;
			sourceTree = "<group>";
		};
		6DEDABAC2640749B006CCDA8 /* Moodi-iOS */ = {
			isa = PBXGroup;
			children = (
				6DEDABAD2640749B006CCDA8 /* Moodi_iOSApp.swift */,
				6DBA3A7E2640770300383620 /* Views */,
				6DBA3A7D264076FC00383620 /* Resources */,
				6DBA3A7C264076F500383620 /* Managers */,
				6DBA3A7B264076EC00383620 /* Models */,
				6DEDABB62640749C006CCDA8 /* Info.plist */,
				6DEDABB32640749C006CCDA8 /* Preview Content */,
			);
			path = "Moodi-iOS";
			sourceTree = "<group>";
		};
		6DEDABB32640749C006CCDA8 /* Preview Content */ = {
			isa = PBXGroup;
			children = (
				6DEDABB42640749C006CCDA8 /* Preview Assets.xcassets */,
			);
			path = "Preview Content";
			sourceTree = "<group>";
		};
		6DF40DAC2641B51A000C320F /* Day Views */ = {
			isa = PBXGroup;
			children = (
				6DBCE2722645AD6C006B55BE /* Summary Views */,
				6D396899264352A500FD5FFD /* Daily Menu Views */,
				DE872676264305E900C27E74 /* Daily Quiz Views */,
			);
			path = "Day Views";
			sourceTree = "<group>";
		};
		848B42361A309C3D7B203B19 /* Pods */ = {
			isa = PBXGroup;
			children = (
				4B4DA2901756CAB5C58F68E5 /* Pods-Moodi-iOS.debug.xcconfig */,
				8085C6F1C3FAA48A94B08DB3 /* Pods-Moodi-iOS.release.xcconfig */,
			);
			path = Pods;
			sourceTree = "<group>";
		};
		9431554B264C452E0028BFAD /* Onboarding Views */ = {
			isa = PBXGroup;
			children = (
				9431554C264C45C00028BFAD /* Onboarding1.swift */,
				9431554F264C51400028BFAD /* Onboarding2.swift */,
				94315552264C52A70028BFAD /* Onboarding3.swift */,
				94315555264C54340028BFAD /* Onboarding4.swift */,
				94315558264C66160028BFAD /* MainonboardingView.swift */,
			);
			path = "Onboarding Views";
			sourceTree = "<group>";
		};
		B2F266292641E004008B110B /* Speech Views */ = {
			isa = PBXGroup;
			children = (
				EC195CC2265208B1003698CC /* SpeechButton.swift */,
			);
			path = "Speech Views";
			sourceTree = "<group>";
		};
		DE872676264305E900C27E74 /* Daily Quiz Views */ = {
			isa = PBXGroup;
			children = (
				DE8726772643061500C27E74 /* QuizMainView.swift */,
				DE36968B26445A100087A696 /* DailyQuestionsView.swift */,
				DE87267B2643064A00C27E74 /* MoodPickerView.swift */,
				DE87267E2643066100C27E74 /* FeelingSelectView.swift */,
				6D5FC7232644782E004D8C04 /* DailyQuizTextInput.swift */,
			);
			name = "Daily Quiz Views";
			sourceTree = "<group>";
		};
		DECE201C264B777400FCE115 /* Statistics Views */ = {
			isa = PBXGroup;
			children = (
				DECE201D264B779600FCE115 /* DonutChartView.swift */,
				DECE2020264B7C5600FCE115 /* LastNdaysView.swift */,
				DE04871D264EEB840025ADCB /* MyWeekView.swift */,
				DE04871A264EDF830025ADCB /* CalendarStatisticView.swift */,
				EC984A3F264C62D500BD5AF9 /* CalendarView.swift */,
			);
			path = "Statistics Views";
			sourceTree = "<group>";
		};
/* End PBXGroup section */

/* Begin PBXNativeTarget section */
		6DEDABA92640749B006CCDA8 /* Moodi-iOS */ = {
			isa = PBXNativeTarget;
			buildConfigurationList = 6DEDABB92640749C006CCDA8 /* Build configuration list for PBXNativeTarget "Moodi-iOS" */;
			buildPhases = (
				FB2ABF585446BDA9F43480CC /* [CP] Check Pods Manifest.lock */,
				6DEDABA62640749B006CCDA8 /* Sources */,
				6DEDABA72640749B006CCDA8 /* Frameworks */,
				6DEDABA82640749B006CCDA8 /* Resources */,
				E2A944F3F8E349BB7E02817A /* [CP] Embed Pods Frameworks */,
			);
			buildRules = (
			);
			dependencies = (
			);
			name = "Moodi-iOS";
			productName = "MyMood-iOS";
			productReference = 6DEDABAA2640749B006CCDA8 /* Moodi-iOS.app */;
			productType = "com.apple.product-type.application";
		};
/* End PBXNativeTarget section */

/* Begin PBXProject section */
		6DEDABA22640749B006CCDA8 /* Project object */ = {
			isa = PBXProject;
			attributes = {
				LastSwiftUpdateCheck = 1250;
				LastUpgradeCheck = 1250;
				TargetAttributes = {
					6DEDABA92640749B006CCDA8 = {
						CreatedOnToolsVersion = 12.5;
					};
				};
			};
			buildConfigurationList = 6DEDABA52640749B006CCDA8 /* Build configuration list for PBXProject "Moodi-iOS" */;
			compatibilityVersion = "Xcode 9.3";
			developmentRegion = en;
			hasScannedForEncodings = 0;
			knownRegions = (
				en,
				Base,
				"pt-BR",
				"es-419",
				ko,
			);
			mainGroup = 6DEDABA12640749B006CCDA8;
			productRefGroup = 6DEDABAB2640749B006CCDA8 /* Products */;
			projectDirPath = "";
			projectRoot = "";
			targets = (
				6DEDABA92640749B006CCDA8 /* Moodi-iOS */,
			);
		};
/* End PBXProject section */

/* Begin PBXResourcesBuildPhase section */
		6DEDABA82640749B006CCDA8 /* Resources */ = {
			isa = PBXResourcesBuildPhase;
			buildActionMask = 2147483647;
			files = (
				6DEDABB52640749C006CCDA8 /* Preview Assets.xcassets in Resources */,
				DE6597FE26542013000FACFD /* Assets.xcassets in Resources */,
				EC81A5AC2640886D00042FBC /* Localizable.strings in Resources */,
			);
			runOnlyForDeploymentPostprocessing = 0;
		};
/* End PBXResourcesBuildPhase section */

/* Begin PBXShellScriptBuildPhase section */
		E2A944F3F8E349BB7E02817A /* [CP] Embed Pods Frameworks */ = {
			isa = PBXShellScriptBuildPhase;
			buildActionMask = 2147483647;
			files = (
			);
			inputFileListPaths = (
				"${PODS_ROOT}/Target Support Files/Pods-Moodi-iOS/Pods-Moodi-iOS-frameworks-${CONFIGURATION}-input-files.xcfilelist",
			);
			name = "[CP] Embed Pods Frameworks";
			outputFileListPaths = (
				"${PODS_ROOT}/Target Support Files/Pods-Moodi-iOS/Pods-Moodi-iOS-frameworks-${CONFIGURATION}-output-files.xcfilelist",
			);
			runOnlyForDeploymentPostprocessing = 0;
			shellPath = /bin/sh;
			shellScript = "\"${PODS_ROOT}/Target Support Files/Pods-Moodi-iOS/Pods-Moodi-iOS-frameworks.sh\"\n";
			showEnvVarsInLog = 0;
		};
		FB2ABF585446BDA9F43480CC /* [CP] Check Pods Manifest.lock */ = {
			isa = PBXShellScriptBuildPhase;
			buildActionMask = 2147483647;
			files = (
			);
			inputFileListPaths = (
			);
			inputPaths = (
				"${PODS_PODFILE_DIR_PATH}/Podfile.lock",
				"${PODS_ROOT}/Manifest.lock",
			);
			name = "[CP] Check Pods Manifest.lock";
			outputFileListPaths = (
			);
			outputPaths = (
				"$(DERIVED_FILE_DIR)/Pods-Moodi-iOS-checkManifestLockResult.txt",
			);
			runOnlyForDeploymentPostprocessing = 0;
			shellPath = /bin/sh;
			shellScript = "diff \"${PODS_PODFILE_DIR_PATH}/Podfile.lock\" \"${PODS_ROOT}/Manifest.lock\" > /dev/null\nif [ $? != 0 ] ; then\n    # print error to STDERR\n    echo \"error: The sandbox is not in sync with the Podfile.lock. Run 'pod install' or update your CocoaPods installation.\" >&2\n    exit 1\nfi\n# This output is used by Xcode 'outputs' to avoid re-running this script phase.\necho \"SUCCESS\" > \"${SCRIPT_OUTPUT_FILE_0}\"\n";
			showEnvVarsInLog = 0;
		};
/* End PBXShellScriptBuildPhase section */

/* Begin PBXSourcesBuildPhase section */
		6DEDABA62640749B006CCDA8 /* Sources */ = {
			isa = PBXSourcesBuildPhase;
			buildActionMask = 2147483647;
			files = (
				6DF40DB62641C3A9000C320F /* DaySummaryView.swift in Sources */,
				94315553264C52A70028BFAD /* Onboarding3.swift in Sources */,
				6DAF75AD264AF2B0006DCB2E /* SettingsMainView.swift in Sources */,
				DE87265226408CC800C27E74 /* NotificationManager.swift in Sources */,
				6DBA3A842640778700383620 /* Extensions.swift in Sources */,
				DECE201E264B779600FCE115 /* DonutChartView.swift in Sources */,
				DE04871E264EEB840025ADCB /* MyWeekView.swift in Sources */,
				6DBA3A822640776500383620 /* DatabaseManager.swift in Sources */,
				6DEDABB02640749B006CCDA8 /* ContentView.swift in Sources */,
				6DBCE2762645AD95006B55BE /* SummaryModalView.swift in Sources */,
				6DAF75AF264AF2D3006DCB2E /* NotificationView.swift in Sources */,
				B2F266272641DBA7008B110B /* SpeechRecognizer.swift in Sources */,
				6DAF75B1264AF2EF006DCB2E /* DarkModeView.swift in Sources */,
				6DFB34B4264F219A0074A1B4 /* Constants.swift in Sources */,
				DE87267C2643064A00C27E74 /* MoodPickerView.swift in Sources */,
				DE87267F2643066100C27E74 /* FeelingSelectView.swift in Sources */,
				6DF40DB42641BCE5000C320F /* DailyQuotesView.swift in Sources */,
				EC81A5B22641E27E00042FBC /* Utilities.swift in Sources */,
				6DBCE2782645AD9C006B55BE /* SummaryPageView.swift in Sources */,
				EC195CC3265208B1003698CC /* SpeechButton.swift in Sources */,
				DECE2021264B7C5600FCE115 /* LastNdaysView.swift in Sources */,
				6DBCE2742645AD8F006B55BE /* SummaryDayMoodModalView.swift in Sources */,
				EC984A40264C62D500BD5AF9 /* CalendarView.swift in Sources */,
				6DF5594B264CA037009F6AE9 /* DateManager.swift in Sources */,
				6DEDABAE2640749B006CCDA8 /* Moodi_iOSApp.swift in Sources */,
				6DF40DAE2641B56B000C320F /* TabMainView.swift in Sources */,
				6DF40DB22641B809000C320F /* StreakView.swift in Sources */,
				94315556264C54340028BFAD /* Onboarding4.swift in Sources */,
				DE8726782643061500C27E74 /* QuizMainView.swift in Sources */,
				94315559264C66160028BFAD /* MainonboardingView.swift in Sources */,
				6DBA3A802640774700383620 /* Day.swift in Sources */,
				DE04871B264EDF830025ADCB /* CalendarStatisticView.swift in Sources */,
				94315550264C51400028BFAD /* Onboarding2.swift in Sources */,
				6DF1993A264B4AF900273C0E /* PreferencesManager.swift in Sources */,
				DE36968C26445A100087A696 /* DailyQuestionsView.swift in Sources */,
				6DF40DB02641B7A1000C320F /* DayMainView.swift in Sources */,
				9431554D264C45C00028BFAD /* Onboarding1.swift in Sources */,
				6D5FC7242644782E004D8C04 /* DailyQuizTextInput.swift in Sources */,
			);
			runOnlyForDeploymentPostprocessing = 0;
		};
/* End PBXSourcesBuildPhase section */

/* Begin PBXVariantGroup section */
		EC81A5AE2640886D00042FBC /* Localizable.strings */ = {
			isa = PBXVariantGroup;
			children = (
				EC81A5AD2640886D00042FBC /* en */,
				EC81A5AF264088B000042FBC /* pt-BR */,
				EC81A5B0264088BD00042FBC /* es-419 */,
				6D0906F226533E6B00F1B91D /* ko */,
			);
			name = Localizable.strings;
			sourceTree = "<group>";
		};
/* End PBXVariantGroup section */

/* Begin XCBuildConfiguration section */
		6DEDABB72640749C006CCDA8 /* Debug */ = {
			isa = XCBuildConfiguration;
			buildSettings = {
				ALWAYS_SEARCH_USER_PATHS = NO;
				CLANG_ANALYZER_LOCALIZABILITY_NONLOCALIZED = YES;
				CLANG_ANALYZER_NONNULL = YES;
				CLANG_ANALYZER_NUMBER_OBJECT_CONVERSION = YES_AGGRESSIVE;
				CLANG_CXX_LANGUAGE_STANDARD = "gnu++14";
				CLANG_CXX_LIBRARY = "libc++";
				CLANG_ENABLE_MODULES = YES;
				CLANG_ENABLE_OBJC_ARC = YES;
				CLANG_ENABLE_OBJC_WEAK = YES;
				CLANG_WARN_BLOCK_CAPTURE_AUTORELEASING = YES;
				CLANG_WARN_BOOL_CONVERSION = YES;
				CLANG_WARN_COMMA = YES;
				CLANG_WARN_CONSTANT_CONVERSION = YES;
				CLANG_WARN_DEPRECATED_OBJC_IMPLEMENTATIONS = YES;
				CLANG_WARN_DIRECT_OBJC_ISA_USAGE = YES_ERROR;
				CLANG_WARN_DOCUMENTATION_COMMENTS = YES;
				CLANG_WARN_EMPTY_BODY = YES;
				CLANG_WARN_ENUM_CONVERSION = YES;
				CLANG_WARN_INFINITE_RECURSION = YES;
				CLANG_WARN_INT_CONVERSION = YES;
				CLANG_WARN_NON_LITERAL_NULL_CONVERSION = YES;
				CLANG_WARN_OBJC_IMPLICIT_RETAIN_SELF = YES;
				CLANG_WARN_OBJC_LITERAL_CONVERSION = YES;
				CLANG_WARN_OBJC_ROOT_CLASS = YES_ERROR;
				CLANG_WARN_QUOTED_INCLUDE_IN_FRAMEWORK_HEADER = YES;
				CLANG_WARN_RANGE_LOOP_ANALYSIS = YES;
				CLANG_WARN_STRICT_PROTOTYPES = YES;
				CLANG_WARN_SUSPICIOUS_MOVE = YES;
				CLANG_WARN_UNGUARDED_AVAILABILITY = YES_AGGRESSIVE;
				CLANG_WARN_UNREACHABLE_CODE = YES;
				CLANG_WARN__DUPLICATE_METHOD_MATCH = YES;
				COPY_PHASE_STRIP = NO;
				DEBUG_INFORMATION_FORMAT = dwarf;
				ENABLE_STRICT_OBJC_MSGSEND = YES;
				ENABLE_TESTABILITY = YES;
				GCC_C_LANGUAGE_STANDARD = gnu11;
				GCC_DYNAMIC_NO_PIC = NO;
				GCC_NO_COMMON_BLOCKS = YES;
				GCC_OPTIMIZATION_LEVEL = 0;
				GCC_PREPROCESSOR_DEFINITIONS = (
					"DEBUG=1",
					"$(inherited)",
				);
				GCC_WARN_64_TO_32_BIT_CONVERSION = YES;
				GCC_WARN_ABOUT_RETURN_TYPE = YES_ERROR;
				GCC_WARN_UNDECLARED_SELECTOR = YES;
				GCC_WARN_UNINITIALIZED_AUTOS = YES_AGGRESSIVE;
				GCC_WARN_UNUSED_FUNCTION = YES;
				GCC_WARN_UNUSED_VARIABLE = YES;
				IPHONEOS_DEPLOYMENT_TARGET = 14.5;
				MTL_ENABLE_DEBUG_INFO = INCLUDE_SOURCE;
				MTL_FAST_MATH = YES;
				ONLY_ACTIVE_ARCH = YES;
				SDKROOT = iphoneos;
				SWIFT_ACTIVE_COMPILATION_CONDITIONS = DEBUG;
				SWIFT_OPTIMIZATION_LEVEL = "-Onone";
			};
			name = Debug;
		};
		6DEDABB82640749C006CCDA8 /* Release */ = {
			isa = XCBuildConfiguration;
			buildSettings = {
				ALWAYS_SEARCH_USER_PATHS = NO;
				CLANG_ANALYZER_LOCALIZABILITY_NONLOCALIZED = YES;
				CLANG_ANALYZER_NONNULL = YES;
				CLANG_ANALYZER_NUMBER_OBJECT_CONVERSION = YES_AGGRESSIVE;
				CLANG_CXX_LANGUAGE_STANDARD = "gnu++14";
				CLANG_CXX_LIBRARY = "libc++";
				CLANG_ENABLE_MODULES = YES;
				CLANG_ENABLE_OBJC_ARC = YES;
				CLANG_ENABLE_OBJC_WEAK = YES;
				CLANG_WARN_BLOCK_CAPTURE_AUTORELEASING = YES;
				CLANG_WARN_BOOL_CONVERSION = YES;
				CLANG_WARN_COMMA = YES;
				CLANG_WARN_CONSTANT_CONVERSION = YES;
				CLANG_WARN_DEPRECATED_OBJC_IMPLEMENTATIONS = YES;
				CLANG_WARN_DIRECT_OBJC_ISA_USAGE = YES_ERROR;
				CLANG_WARN_DOCUMENTATION_COMMENTS = YES;
				CLANG_WARN_EMPTY_BODY = YES;
				CLANG_WARN_ENUM_CONVERSION = YES;
				CLANG_WARN_INFINITE_RECURSION = YES;
				CLANG_WARN_INT_CONVERSION = YES;
				CLANG_WARN_NON_LITERAL_NULL_CONVERSION = YES;
				CLANG_WARN_OBJC_IMPLICIT_RETAIN_SELF = YES;
				CLANG_WARN_OBJC_LITERAL_CONVERSION = YES;
				CLANG_WARN_OBJC_ROOT_CLASS = YES_ERROR;
				CLANG_WARN_QUOTED_INCLUDE_IN_FRAMEWORK_HEADER = YES;
				CLANG_WARN_RANGE_LOOP_ANALYSIS = YES;
				CLANG_WARN_STRICT_PROTOTYPES = YES;
				CLANG_WARN_SUSPICIOUS_MOVE = YES;
				CLANG_WARN_UNGUARDED_AVAILABILITY = YES_AGGRESSIVE;
				CLANG_WARN_UNREACHABLE_CODE = YES;
				CLANG_WARN__DUPLICATE_METHOD_MATCH = YES;
				COPY_PHASE_STRIP = NO;
				DEBUG_INFORMATION_FORMAT = "dwarf-with-dsym";
				ENABLE_NS_ASSERTIONS = NO;
				ENABLE_STRICT_OBJC_MSGSEND = YES;
				GCC_C_LANGUAGE_STANDARD = gnu11;
				GCC_NO_COMMON_BLOCKS = YES;
				GCC_WARN_64_TO_32_BIT_CONVERSION = YES;
				GCC_WARN_ABOUT_RETURN_TYPE = YES_ERROR;
				GCC_WARN_UNDECLARED_SELECTOR = YES;
				GCC_WARN_UNINITIALIZED_AUTOS = YES_AGGRESSIVE;
				GCC_WARN_UNUSED_FUNCTION = YES;
				GCC_WARN_UNUSED_VARIABLE = YES;
				IPHONEOS_DEPLOYMENT_TARGET = 14.5;
				MTL_ENABLE_DEBUG_INFO = NO;
				MTL_FAST_MATH = YES;
				SDKROOT = iphoneos;
				SWIFT_COMPILATION_MODE = wholemodule;
				SWIFT_OPTIMIZATION_LEVEL = "-O";
				VALIDATE_PRODUCT = YES;
			};
			name = Release;
		};
		6DEDABBA2640749C006CCDA8 /* Debug */ = {
			isa = XCBuildConfiguration;
			baseConfigurationReference = 4B4DA2901756CAB5C58F68E5 /* Pods-Moodi-iOS.debug.xcconfig */;
			buildSettings = {
				ASSETCATALOG_COMPILER_APPICON_NAME = AppIcon;
				ASSETCATALOG_COMPILER_GLOBAL_ACCENT_COLOR_NAME = AccentColor;
				CODE_SIGN_STYLE = Automatic;
				DEVELOPMENT_ASSET_PATHS = "\"Moodi-iOS/Preview Content\"";
				DEVELOPMENT_TEAM = 26UK52Y76J;
				ENABLE_PREVIEWS = YES;
				INFOPLIST_FILE = "Moodi-iOS/Info.plist";
				IPHONEOS_DEPLOYMENT_TARGET = 14.0;
				LD_RUNPATH_SEARCH_PATHS = (
					"$(inherited)",
					"@executable_path/Frameworks",
				);
				PRODUCT_BUNDLE_IDENTIFIER = "com.pedropacheco.Moodi-iOS";
				PRODUCT_NAME = "$(TARGET_NAME)";
				SWIFT_VERSION = 5.0;
				TARGETED_DEVICE_FAMILY = 1;
			};
			name = Debug;
		};
		6DEDABBB2640749C006CCDA8 /* Release */ = {
			isa = XCBuildConfiguration;
			baseConfigurationReference = 8085C6F1C3FAA48A94B08DB3 /* Pods-Moodi-iOS.release.xcconfig */;
			buildSettings = {
				ASSETCATALOG_COMPILER_APPICON_NAME = AppIcon;
				ASSETCATALOG_COMPILER_GLOBAL_ACCENT_COLOR_NAME = AccentColor;
				CODE_SIGN_STYLE = Automatic;
				DEVELOPMENT_ASSET_PATHS = "\"Moodi-iOS/Preview Content\"";
				DEVELOPMENT_TEAM = 26UK52Y76J;
				ENABLE_PREVIEWS = YES;
				INFOPLIST_FILE = "Moodi-iOS/Info.plist";
				IPHONEOS_DEPLOYMENT_TARGET = 14.0;
				LD_RUNPATH_SEARCH_PATHS = (
					"$(inherited)",
					"@executable_path/Frameworks",
				);
				PRODUCT_BUNDLE_IDENTIFIER = "com.pedropacheco.Moodi-iOS";
				PRODUCT_NAME = "$(TARGET_NAME)";
				SWIFT_VERSION = 5.0;
				TARGETED_DEVICE_FAMILY = 1;
			};
			name = Release;
		};
/* End XCBuildConfiguration section */

/* Begin XCConfigurationList section */
		6DEDABA52640749B006CCDA8 /* Build configuration list for PBXProject "Moodi-iOS" */ = {
			isa = XCConfigurationList;
			buildConfigurations = (
				6DEDABB72640749C006CCDA8 /* Debug */,
				6DEDABB82640749C006CCDA8 /* Release */,
			);
			defaultConfigurationIsVisible = 0;
			defaultConfigurationName = Release;
		};
		6DEDABB92640749C006CCDA8 /* Build configuration list for PBXNativeTarget "Moodi-iOS" */ = {
			isa = XCConfigurationList;
			buildConfigurations = (
				6DEDABBA2640749C006CCDA8 /* Debug */,
				6DEDABBB2640749C006CCDA8 /* Release */,
			);
			defaultConfigurationIsVisible = 0;
			defaultConfigurationName = Release;
		};
/* End XCConfigurationList section */
	};
	rootObject = 6DEDABA22640749B006CCDA8 /* Project object */;
}
